
Microsoft Visual Studio Solution File, Format Version 12.00
# Visual Studio Version 17
VisualStudioVersion = 17.5.002.0
MinimumVisualStudioVersion = 10.0.40219.1
Project("{9A19103F-16F7-4668-BE54-9A1E7A4F7556}") = "curso-dio-c", "curso-dio-c.csproj", "{33417DA0-47ED-40FA-9A53-EFAB6953AC95}"
EndProject
Global
	GlobalSection(SolutionConfigurationPlatforms) = preSolution
		Debug|Any CPU = Debug|Any CPU
		Release|Any CPU = Release|Any CPU
	EndGlobalSection
	GlobalSection(ProjectConfigurationPlatforms) = postSolution
		{33417DA0-47ED-40FA-9A53-EFAB6953AC95}.Debug|Any CPU.ActiveCfg = Debug|Any CPU
		{33417DA0-47ED-40FA-9A53-EFAB6953AC95}.Debug|Any CPU.Build.0 = Debug|Any CPU
		{33417DA0-47ED-40FA-9A53-EFAB6953AC95}.Release|Any CPU.ActiveCfg = Release|Any CPU
		{33417DA0-47ED-40FA-9A53-EFAB6953AC95}.Release|Any CPU.Build.0 = Release|Any CPU
	EndGlobalSection
	GlobalSection(SolutionProperties) = preSolution
		HideSolutionNode = FALSE
	EndGlobalSection
	GlobalSection(ExtensibilityGlobals) = postSolution
		SolutionGuid = {6AB9BB0D-131A-4C35-A73E-EBA4F33A8180}
	EndGlobalSection
EndGlobal
